
Microsoft Visual Studio Solution File, Format Version 10.00
# Visual Studio 2008
Project("{8BC9CEB8-8B4A-11D0-8D11-00A0C91BC942}") = "pacsTest2", "pacsTest2\pacsTest2.vcproj", "{F75B3C21-F6B4-4C00-9116-A461D88D781C}"
EndProject
Global
	GlobalSection(SolutionConfigurationPlatforms) = preSolution
		Debug|Win32 = Debug|Win32
		Release|Win32 = Release|Win32
	EndGlobalSection
	GlobalSection(ProjectConfigurationPlatforms) = postSolution
		{F75B3C21-F6B4-4C00-9116-A461D88D781C}.Debug|Win32.ActiveCfg = Debug|Win32
		{F75B3C21-F6B4-4C00-9116-A461D88D781C}.Debug|Win32.Build.0 = Debug|Win32
		{F75B3C21-F6B4-4C00-9116-A461D88D781C}.Release|Win32.ActiveCfg = Release|Win32
		{F75B3C21-F6B4-4C00-9116-A461D88D781C}.Release|Win32.Build.0 = Release|Win32
	EndGlobalSection
	GlobalSection(SolutionProperties) = preSolution
		HideSolutionNode = FALSE
	EndGlobalSection
EndGlobal
